
Microsoft Visual Studio Solution File, Format Version 12.00
# Visual Studio Version 17
VisualStudioVersion = 17.8.34322.80
MinimumVisualStudioVersion = 10.0.40219.1
Project("{FAE04EC0-301F-11D3-BF4B-00C04F79EFBC}") = "question12", "question12\question12.csproj", "{73B83A01-73F3-4387-B463-5259C5379D85}"
EndProject
Global
	GlobalSection(SolutionConfigurationPlatforms) = preSolution
		Debug|Any CPU = Debug|Any CPU
		Release|Any CPU = Release|Any CPU
	EndGlobalSection
	GlobalSection(ProjectConfigurationPlatforms) = postSolution
		{73B83A01-73F3-4387-B463-5259C5379D85}.Debug|Any CPU.ActiveCfg = Debug|Any CPU
		{73B83A01-73F3-4387-B463-5259C5379D85}.Debug|Any CPU.Build.0 = Debug|Any CPU
		{73B83A01-73F3-4387-B463-5259C5379D85}.Release|Any CPU.ActiveCfg = Release|Any CPU
		{73B83A01-73F3-4387-B463-5259C5379D85}.Release|Any CPU.Build.0 = Release|Any CPU
	EndGlobalSection
	GlobalSection(SolutionProperties) = preSolution
		HideSolutionNode = FALSE
	EndGlobalSection
	GlobalSection(ExtensibilityGlobals) = postSolution
		SolutionGuid = {00409CD7-FBE3-476B-8E70-D5D62AC6D1BA}
	EndGlobalSection
EndGlobal
