
Microsoft Visual Studio Solution File, Format Version 12.00
# Visual Studio Version 17
VisualStudioVersion = 17.8.34322.80
MinimumVisualStudioVersion = 10.0.40219.1
Project("{FAE04EC0-301F-11D3-BF4B-00C04F79EFBC}") = "question6", "question6\question6.csproj", "{5871CB50-452C-4639-8C85-CD81278222DA}"
EndProject
Global
	GlobalSection(SolutionConfigurationPlatforms) = preSolution
		Debug|Any CPU = Debug|Any CPU
		Release|Any CPU = Release|Any CPU
	EndGlobalSection
	GlobalSection(ProjectConfigurationPlatforms) = postSolution
		{5871CB50-452C-4639-8C85-CD81278222DA}.Debug|Any CPU.ActiveCfg = Debug|Any CPU
		{5871CB50-452C-4639-8C85-CD81278222DA}.Debug|Any CPU.Build.0 = Debug|Any CPU
		{5871CB50-452C-4639-8C85-CD81278222DA}.Release|Any CPU.ActiveCfg = Release|Any CPU
		{5871CB50-452C-4639-8C85-CD81278222DA}.Release|Any CPU.Build.0 = Release|Any CPU
	EndGlobalSection
	GlobalSection(SolutionProperties) = preSolution
		HideSolutionNode = FALSE
	EndGlobalSection
	GlobalSection(ExtensibilityGlobals) = postSolution
		SolutionGuid = {607C4094-2862-4EEC-BF9C-227BF2BFC573}
	EndGlobalSection
EndGlobal
