
Microsoft Visual Studio Solution File, Format Version 12.00
# Visual Studio Version 17
VisualStudioVersion = 17.8.34322.80
MinimumVisualStudioVersion = 10.0.40219.1
Project("{FAE04EC0-301F-11D3-BF4B-00C04F79EFBC}") = "question16", "question16\question16.csproj", "{2ADAA9DA-2D4B-4167-97C7-09B7475413B6}"
EndProject
Global
	GlobalSection(SolutionConfigurationPlatforms) = preSolution
		Debug|Any CPU = Debug|Any CPU
		Release|Any CPU = Release|Any CPU
	EndGlobalSection
	GlobalSection(ProjectConfigurationPlatforms) = postSolution
		{2ADAA9DA-2D4B-4167-97C7-09B7475413B6}.Debug|Any CPU.ActiveCfg = Debug|Any CPU
		{2ADAA9DA-2D4B-4167-97C7-09B7475413B6}.Debug|Any CPU.Build.0 = Debug|Any CPU
		{2ADAA9DA-2D4B-4167-97C7-09B7475413B6}.Release|Any CPU.ActiveCfg = Release|Any CPU
		{2ADAA9DA-2D4B-4167-97C7-09B7475413B6}.Release|Any CPU.Build.0 = Release|Any CPU
	EndGlobalSection
	GlobalSection(SolutionProperties) = preSolution
		HideSolutionNode = FALSE
	EndGlobalSection
	GlobalSection(ExtensibilityGlobals) = postSolution
		SolutionGuid = {6BC2159D-E78D-4944-BAC2-C720B8B9F55C}
	EndGlobalSection
EndGlobal
