
Microsoft Visual Studio Solution File, Format Version 12.00
# Visual Studio Version 17
VisualStudioVersion = 17.8.34322.80
MinimumVisualStudioVersion = 10.0.40219.1
Project("{FAE04EC0-301F-11D3-BF4B-00C04F79EFBC}") = "question5", "question5\question5.csproj", "{CDCDD2B4-2EC9-498B-A3C1-F16D6CE54ED6}"
EndProject
Global
	GlobalSection(SolutionConfigurationPlatforms) = preSolution
		Debug|Any CPU = Debug|Any CPU
		Release|Any CPU = Release|Any CPU
	EndGlobalSection
	GlobalSection(ProjectConfigurationPlatforms) = postSolution
		{CDCDD2B4-2EC9-498B-A3C1-F16D6CE54ED6}.Debug|Any CPU.ActiveCfg = Debug|Any CPU
		{CDCDD2B4-2EC9-498B-A3C1-F16D6CE54ED6}.Debug|Any CPU.Build.0 = Debug|Any CPU
		{CDCDD2B4-2EC9-498B-A3C1-F16D6CE54ED6}.Release|Any CPU.ActiveCfg = Release|Any CPU
		{CDCDD2B4-2EC9-498B-A3C1-F16D6CE54ED6}.Release|Any CPU.Build.0 = Release|Any CPU
	EndGlobalSection
	GlobalSection(SolutionProperties) = preSolution
		HideSolutionNode = FALSE
	EndGlobalSection
	GlobalSection(ExtensibilityGlobals) = postSolution
		SolutionGuid = {4E67C798-C4AB-4AEB-B753-754269555E96}
	EndGlobalSection
EndGlobal
