
Microsoft Visual Studio Solution File, Format Version 12.00
# Visual Studio Version 17
VisualStudioVersion = 17.8.34322.80
MinimumVisualStudioVersion = 10.0.40219.1
Project("{FAE04EC0-301F-11D3-BF4B-00C04F79EFBC}") = "question9", "question9\question9.csproj", "{5DFA8112-8F32-4A25-8A2D-76F09A920DD8}"
EndProject
Global
	GlobalSection(SolutionConfigurationPlatforms) = preSolution
		Debug|Any CPU = Debug|Any CPU
		Release|Any CPU = Release|Any CPU
	EndGlobalSection
	GlobalSection(ProjectConfigurationPlatforms) = postSolution
		{5DFA8112-8F32-4A25-8A2D-76F09A920DD8}.Debug|Any CPU.ActiveCfg = Debug|Any CPU
		{5DFA8112-8F32-4A25-8A2D-76F09A920DD8}.Debug|Any CPU.Build.0 = Debug|Any CPU
		{5DFA8112-8F32-4A25-8A2D-76F09A920DD8}.Release|Any CPU.ActiveCfg = Release|Any CPU
		{5DFA8112-8F32-4A25-8A2D-76F09A920DD8}.Release|Any CPU.Build.0 = Release|Any CPU
	EndGlobalSection
	GlobalSection(SolutionProperties) = preSolution
		HideSolutionNode = FALSE
	EndGlobalSection
	GlobalSection(ExtensibilityGlobals) = postSolution
		SolutionGuid = {E9FDA3BD-21BC-4978-B465-0E199D8C8560}
	EndGlobalSection
EndGlobal
