
Microsoft Visual Studio Solution File, Format Version 12.00
# Visual Studio Version 17
VisualStudioVersion = 17.8.34322.80
MinimumVisualStudioVersion = 10.0.40219.1
Project("{FAE04EC0-301F-11D3-BF4B-00C04F79EFBC}") = "question19", "question19\question19.csproj", "{FD094AC5-AED9-4EB8-9360-5CBF8C0E7CD5}"
EndProject
Global
	GlobalSection(SolutionConfigurationPlatforms) = preSolution
		Debug|Any CPU = Debug|Any CPU
		Release|Any CPU = Release|Any CPU
	EndGlobalSection
	GlobalSection(ProjectConfigurationPlatforms) = postSolution
		{FD094AC5-AED9-4EB8-9360-5CBF8C0E7CD5}.Debug|Any CPU.ActiveCfg = Debug|Any CPU
		{FD094AC5-AED9-4EB8-9360-5CBF8C0E7CD5}.Debug|Any CPU.Build.0 = Debug|Any CPU
		{FD094AC5-AED9-4EB8-9360-5CBF8C0E7CD5}.Release|Any CPU.ActiveCfg = Release|Any CPU
		{FD094AC5-AED9-4EB8-9360-5CBF8C0E7CD5}.Release|Any CPU.Build.0 = Release|Any CPU
	EndGlobalSection
	GlobalSection(SolutionProperties) = preSolution
		HideSolutionNode = FALSE
	EndGlobalSection
	GlobalSection(ExtensibilityGlobals) = postSolution
		SolutionGuid = {6D922DE8-90B9-433C-856D-D8E441EAAA78}
	EndGlobalSection
EndGlobal
