
Microsoft Visual Studio Solution File, Format Version 12.00
# Visual Studio Version 17
VisualStudioVersion = 17.8.34322.80
MinimumVisualStudioVersion = 10.0.40219.1
Project("{FAE04EC0-301F-11D3-BF4B-00C04F79EFBC}") = "question22", "question22\question22.csproj", "{F11CDF4B-ED20-4A96-9860-B561424C5543}"
EndProject
Global
	GlobalSection(SolutionConfigurationPlatforms) = preSolution
		Debug|Any CPU = Debug|Any CPU
		Release|Any CPU = Release|Any CPU
	EndGlobalSection
	GlobalSection(ProjectConfigurationPlatforms) = postSolution
		{F11CDF4B-ED20-4A96-9860-B561424C5543}.Debug|Any CPU.ActiveCfg = Debug|Any CPU
		{F11CDF4B-ED20-4A96-9860-B561424C5543}.Debug|Any CPU.Build.0 = Debug|Any CPU
		{F11CDF4B-ED20-4A96-9860-B561424C5543}.Release|Any CPU.ActiveCfg = Release|Any CPU
		{F11CDF4B-ED20-4A96-9860-B561424C5543}.Release|Any CPU.Build.0 = Release|Any CPU
	EndGlobalSection
	GlobalSection(SolutionProperties) = preSolution
		HideSolutionNode = FALSE
	EndGlobalSection
	GlobalSection(ExtensibilityGlobals) = postSolution
		SolutionGuid = {7511BD3B-AB00-4A44-A231-0B1AD1C17DC9}
	EndGlobalSection
EndGlobal
