
Microsoft Visual Studio Solution File, Format Version 12.00
# Visual Studio Version 17
VisualStudioVersion = 17.8.34322.80
MinimumVisualStudioVersion = 10.0.40219.1
Project("{FAE04EC0-301F-11D3-BF4B-00C04F79EFBC}") = "question11", "question11\question11.csproj", "{C0021349-5C21-4E31-8808-115FD4A374F9}"
EndProject
Global
	GlobalSection(SolutionConfigurationPlatforms) = preSolution
		Debug|Any CPU = Debug|Any CPU
		Release|Any CPU = Release|Any CPU
	EndGlobalSection
	GlobalSection(ProjectConfigurationPlatforms) = postSolution
		{C0021349-5C21-4E31-8808-115FD4A374F9}.Debug|Any CPU.ActiveCfg = Debug|Any CPU
		{C0021349-5C21-4E31-8808-115FD4A374F9}.Debug|Any CPU.Build.0 = Debug|Any CPU
		{C0021349-5C21-4E31-8808-115FD4A374F9}.Release|Any CPU.ActiveCfg = Release|Any CPU
		{C0021349-5C21-4E31-8808-115FD4A374F9}.Release|Any CPU.Build.0 = Release|Any CPU
	EndGlobalSection
	GlobalSection(SolutionProperties) = preSolution
		HideSolutionNode = FALSE
	EndGlobalSection
	GlobalSection(ExtensibilityGlobals) = postSolution
		SolutionGuid = {0CFC4464-80EA-4827-9C28-3156A64152D0}
	EndGlobalSection
EndGlobal
